
Microsoft Visual Studio Solution File, Format Version 12.00
# Visual Studio 15
VisualStudioVersion = 15.0.28307.438
MinimumVisualStudioVersion = 10.0.40219.1
Project("{888888A0-9F3D-457C-B088-3A5042F75D52}") = "zellkernsegmentierung", "zellkernsegmentierung.pyproj", "{F49CF77B-5D8F-41AE-8A9A-1BD98D520D2A}"
EndProject
Global
	GlobalSection(SolutionConfigurationPlatforms) = preSolution
		Debug|Any CPU = Debug|Any CPU
		Release|Any CPU = Release|Any CPU
	EndGlobalSection
	GlobalSection(ProjectConfigurationPlatforms) = postSolution
		{F49CF77B-5D8F-41AE-8A9A-1BD98D520D2A}.Debug|Any CPU.ActiveCfg = Debug|Any CPU
		{F49CF77B-5D8F-41AE-8A9A-1BD98D520D2A}.Release|Any CPU.ActiveCfg = Release|Any CPU
	EndGlobalSection
	GlobalSection(SolutionProperties) = preSolution
		HideSolutionNode = FALSE
	EndGlobalSection
	GlobalSection(ExtensibilityGlobals) = postSolution
		SolutionGuid = {A9DBF8B4-8228-403F-BD44-68D6468E3BF4}
	EndGlobalSection
EndGlobal
